
Microsoft Visual Studio Solution File, Format Version 12.00
# Visual Studio Version 17
VisualStudioVersion = 17.0.31919.166
MinimumVisualStudioVersion = 10.0.40219.1
Project("{FAE04EC0-301F-11D3-BF4B-00C04F79EFBC}") = "TicTacToe", "TicTacToe\TicTacToe.csproj", "{52ECB74D-8D2A-40B7-B5EB-979FBCE4ADC8}"
EndProject
Global
	GlobalSection(SolutionConfigurationPlatforms) = preSolution
		Debug|Any CPU = Debug|Any CPU
		Release|Any CPU = Release|Any CPU
	EndGlobalSection
	GlobalSection(ProjectConfigurationPlatforms) = postSolution
		{52ECB74D-8D2A-40B7-B5EB-979FBCE4ADC8}.Debug|Any CPU.ActiveCfg = Debug|Any CPU
		{52ECB74D-8D2A-40B7-B5EB-979FBCE4ADC8}.Debug|Any CPU.Build.0 = Debug|Any CPU
		{52ECB74D-8D2A-40B7-B5EB-979FBCE4ADC8}.Release|Any CPU.ActiveCfg = Release|Any CPU
		{52ECB74D-8D2A-40B7-B5EB-979FBCE4ADC8}.Release|Any CPU.Build.0 = Release|Any CPU
	EndGlobalSection
	GlobalSection(SolutionProperties) = preSolution
		HideSolutionNode = FALSE
	EndGlobalSection
	GlobalSection(ExtensibilityGlobals) = postSolution
		SolutionGuid = {C633616D-A48A-45BB-931B-6B9B08C162DF}
	EndGlobalSection
EndGlobal
